
Microsoft Visual Studio Solution File, Format Version 12.00
# Visual Studio 15
VisualStudioVersion = 15.0.27703.2042
MinimumVisualStudioVersion = 10.0.40219.1
Project("{FAE04EC0-301F-11D3-BF4B-00C04F79EFBC}") = "TreeHouseComicBooksGallery", "TreeHouseComicBooksGallery\TreeHouseComicBooksGallery.csproj", "{7B3420AA-6A49-431A-A4E9-F7AE361E3544}"
EndProject
Project("{FAE04EC0-301F-11D3-BF4B-00C04F79EFBC}") = "TreeHouseComicBooksGallery.UnitTests", "TreeHouseComicBooksGallery.UnitTests\TreeHouseComicBooksGallery.UnitTests.csproj", "{FD3635D6-CC04-4D83-9E77-01A7E3DB1569}"
EndProject
Global
	GlobalSection(SolutionConfigurationPlatforms) = preSolution
		Debug|Any CPU = Debug|Any CPU
		Release|Any CPU = Release|Any CPU
	EndGlobalSection
	GlobalSection(ProjectConfigurationPlatforms) = postSolution
		{7B3420AA-6A49-431A-A4E9-F7AE361E3544}.Debug|Any CPU.ActiveCfg = Debug|Any CPU
		{7B3420AA-6A49-431A-A4E9-F7AE361E3544}.Debug|Any CPU.Build.0 = Debug|Any CPU
		{7B3420AA-6A49-431A-A4E9-F7AE361E3544}.Release|Any CPU.ActiveCfg = Release|Any CPU
		{7B3420AA-6A49-431A-A4E9-F7AE361E3544}.Release|Any CPU.Build.0 = Release|Any CPU
		{FD3635D6-CC04-4D83-9E77-01A7E3DB1569}.Debug|Any CPU.ActiveCfg = Debug|Any CPU
		{FD3635D6-CC04-4D83-9E77-01A7E3DB1569}.Debug|Any CPU.Build.0 = Debug|Any CPU
		{FD3635D6-CC04-4D83-9E77-01A7E3DB1569}.Release|Any CPU.ActiveCfg = Release|Any CPU
		{FD3635D6-CC04-4D83-9E77-01A7E3DB1569}.Release|Any CPU.Build.0 = Release|Any CPU
	EndGlobalSection
	GlobalSection(SolutionProperties) = preSolution
		HideSolutionNode = FALSE
	EndGlobalSection
	GlobalSection(ExtensibilityGlobals) = postSolution
		SolutionGuid = {D6ACB169-17E7-4CA3-8370-93CC36CC151D}
	EndGlobalSection
EndGlobal
